
Microsoft Visual Studio Solution File, Format Version 12.00
# Visual Studio Version 16
VisualStudioVersion = 16.0.33027.164
MinimumVisualStudioVersion = 10.0.40219.1
Project("{FAE04EC0-301F-11D3-BF4B-00C04F79EFBC}") = "GameProject", "GameProject.csproj", "{88254A30-ABE3-451B-BB06-64A602DF9E7D}"
EndProject
Global
	GlobalSection(SolutionConfigurationPlatforms) = preSolution
		Debug|Any CPU = Debug|Any CPU
		Release|Any CPU = Release|Any CPU
	EndGlobalSection
	GlobalSection(ProjectConfigurationPlatforms) = postSolution
		{88254A30-ABE3-451B-BB06-64A602DF9E7D}.Debug|Any CPU.ActiveCfg = Debug|Any CPU
		{88254A30-ABE3-451B-BB06-64A602DF9E7D}.Debug|Any CPU.Build.0 = Debug|Any CPU
		{88254A30-ABE3-451B-BB06-64A602DF9E7D}.Release|Any CPU.ActiveCfg = Release|Any CPU
		{88254A30-ABE3-451B-BB06-64A602DF9E7D}.Release|Any CPU.Build.0 = Release|Any CPU
	EndGlobalSection
	GlobalSection(SolutionProperties) = preSolution
		HideSolutionNode = FALSE
	EndGlobalSection
	GlobalSection(ExtensibilityGlobals) = postSolution
		SolutionGuid = {33B67662-756B-4CDD-8217-2FA59ECF90A0}
	EndGlobalSection
EndGlobal
